
Microsoft Visual Studio Solution File, Format Version 12.00
# Visual Studio Version 17
VisualStudioVersion = 17.1.32414.318
MinimumVisualStudioVersion = 10.0.40219.1
Project("{FAE04EC0-301F-11D3-BF4B-00C04F79EFBC}") = "Funciones", "Funciones.csproj", "{759BD529-6F2D-4FA8-BFDE-4ABBE3182B24}"
EndProject
Global
	GlobalSection(SolutionConfigurationPlatforms) = preSolution
		Debug|Any CPU = Debug|Any CPU
		Release|Any CPU = Release|Any CPU
	EndGlobalSection
	GlobalSection(ProjectConfigurationPlatforms) = postSolution
		{759BD529-6F2D-4FA8-BFDE-4ABBE3182B24}.Debug|Any CPU.ActiveCfg = Debug|Any CPU
		{759BD529-6F2D-4FA8-BFDE-4ABBE3182B24}.Debug|Any CPU.Build.0 = Debug|Any CPU
		{759BD529-6F2D-4FA8-BFDE-4ABBE3182B24}.Release|Any CPU.ActiveCfg = Release|Any CPU
		{759BD529-6F2D-4FA8-BFDE-4ABBE3182B24}.Release|Any CPU.Build.0 = Release|Any CPU
	EndGlobalSection
	GlobalSection(SolutionProperties) = preSolution
		HideSolutionNode = FALSE
	EndGlobalSection
	GlobalSection(ExtensibilityGlobals) = postSolution
		SolutionGuid = {98731860-5357-4AB0-8C4F-EFD3560681B7}
	EndGlobalSection
EndGlobal
